
Microsoft Visual Studio Solution File, Format Version 12.00
Project("{FAE04EC0-301F-11D3-BF4B-00C04F79EFBC}") = "hangman", "hangman\hangman.csproj", "{8ADD2FAA-3771-4AA5-B94F-816C3553124A}"
EndProject
Global
	GlobalSection(SolutionConfigurationPlatforms) = preSolution
		Debug|Any CPU = Debug|Any CPU
		Release|Any CPU = Release|Any CPU
	EndGlobalSection
	GlobalSection(ProjectConfigurationPlatforms) = postSolution
		{8ADD2FAA-3771-4AA5-B94F-816C3553124A}.Debug|Any CPU.ActiveCfg = Debug|Any CPU
		{8ADD2FAA-3771-4AA5-B94F-816C3553124A}.Debug|Any CPU.Build.0 = Debug|Any CPU
		{8ADD2FAA-3771-4AA5-B94F-816C3553124A}.Release|Any CPU.ActiveCfg = Release|Any CPU
		{8ADD2FAA-3771-4AA5-B94F-816C3553124A}.Release|Any CPU.Build.0 = Release|Any CPU
	EndGlobalSection
EndGlobal
